{
  "requires": true,
  "lockfileVersion": 1,
  "dependencies": {
    "hls.js": {
      "version": "1.5.18",
      "resolved": "https://registry.npmjs.org/hls.js/-/hls.js-1.5.18.tgz",
      "integrity": "sha512-znxR+2jecWluu/0KOBqUcvVyAB5tLff10vjMGrpAlz1eFY+ZhF1bY3r82V+Bk7WJdk03iTjtja9KFFz5BrqjSA=="
    }
  }
}
